
Microsoft Visual Studio Solution File, Format Version 12.00
# Visual Studio Version 16
VisualStudioVersion = 16.0.28803.156
MinimumVisualStudioVersion = 10.0.40219.1
Project("{FAE04EC0-301F-11D3-BF4B-00C04F79EFBC}") = "ArchiveVault", "ArchiveVault\ArchiveVault.csproj", "{16A4AEFD-904E-46B8-8276-929D515EB50E}"
EndProject
Project("{FAE04EC0-301F-11D3-BF4B-00C04F79EFBC}") = "ArchiveVaultFunctions", "ArchiveVaultFunctions\ArchiveVaultFunctions.csproj", "{A33C8A72-B4EE-4D47-AE36-14302D935722}"
EndProject
Global
	GlobalSection(SolutionConfigurationPlatforms) = preSolution
		Debug|Any CPU = Debug|Any CPU
		Release|Any CPU = Release|Any CPU
	EndGlobalSection
	GlobalSection(ProjectConfigurationPlatforms) = postSolution
		{16A4AEFD-904E-46B8-8276-929D515EB50E}.Debug|Any CPU.ActiveCfg = Debug|Any CPU
		{16A4AEFD-904E-46B8-8276-929D515EB50E}.Debug|Any CPU.Build.0 = Debug|Any CPU
		{16A4AEFD-904E-46B8-8276-929D515EB50E}.Release|Any CPU.ActiveCfg = Release|Any CPU
		{16A4AEFD-904E-46B8-8276-929D515EB50E}.Release|Any CPU.Build.0 = Release|Any CPU
		{A33C8A72-B4EE-4D47-AE36-14302D935722}.Debug|Any CPU.ActiveCfg = Debug|Any CPU
		{A33C8A72-B4EE-4D47-AE36-14302D935722}.Debug|Any CPU.Build.0 = Debug|Any CPU
		{A33C8A72-B4EE-4D47-AE36-14302D935722}.Release|Any CPU.ActiveCfg = Release|Any CPU
		{A33C8A72-B4EE-4D47-AE36-14302D935722}.Release|Any CPU.Build.0 = Release|Any CPU
	EndGlobalSection
	GlobalSection(SolutionProperties) = preSolution
		HideSolutionNode = FALSE
	EndGlobalSection
	GlobalSection(ExtensibilityGlobals) = postSolution
		SolutionGuid = {C5C6501D-C86D-4442-B821-5341060F2E63}
	EndGlobalSection
EndGlobal
